
Microsoft Visual Studio Solution File, Format Version 12.00
# Visual Studio Version 16
VisualStudioVersion = 16.0.29326.143
MinimumVisualStudioVersion = 10.0.40219.1
Project("{8BC9CEB8-8B4A-11D0-8D11-00A0C91BC942}") = "task_1", "task_1\task_1.vcxproj", "{125A229F-4B09-4DE5-BE20-65494A614D6A}"
EndProject
Global
	GlobalSection(SolutionConfigurationPlatforms) = preSolution
		Debug|x64 = Debug|x64
		Debug|x86 = Debug|x86
		Release|x64 = Release|x64
		Release|x86 = Release|x86
	EndGlobalSection
	GlobalSection(ProjectConfigurationPlatforms) = postSolution
		{125A229F-4B09-4DE5-BE20-65494A614D6A}.Debug|x64.ActiveCfg = Debug|x64
		{125A229F-4B09-4DE5-BE20-65494A614D6A}.Debug|x64.Build.0 = Debug|x64
		{125A229F-4B09-4DE5-BE20-65494A614D6A}.Debug|x86.ActiveCfg = Debug|Win32
		{125A229F-4B09-4DE5-BE20-65494A614D6A}.Debug|x86.Build.0 = Debug|Win32
		{125A229F-4B09-4DE5-BE20-65494A614D6A}.Release|x64.ActiveCfg = Release|x64
		{125A229F-4B09-4DE5-BE20-65494A614D6A}.Release|x64.Build.0 = Release|x64
		{125A229F-4B09-4DE5-BE20-65494A614D6A}.Release|x86.ActiveCfg = Release|Win32
		{125A229F-4B09-4DE5-BE20-65494A614D6A}.Release|x86.Build.0 = Release|Win32
	EndGlobalSection
	GlobalSection(SolutionProperties) = preSolution
		HideSolutionNode = FALSE
	EndGlobalSection
	GlobalSection(ExtensibilityGlobals) = postSolution
		SolutionGuid = {DAE7DAA5-57DF-4FDE-9AD6-DD29BB29CBEE}
	EndGlobalSection
EndGlobal
